
Microsoft Visual Studio Solution File, Format Version 12.00
# Visual Studio Version 17
VisualStudioVersion = 17.7.33711.374
MinimumVisualStudioVersion = 10.0.40219.1
Project("{2150E333-8FDC-42A3-9474-1A3956D46DE8}") = "Solution Items", "Solution Items", "{82A4EDD0-B08F-489F-A156-EB9791CB6DF3}"
	ProjectSection(SolutionItems) = preProject
		.editorconfig = .editorconfig
		.github\workflows\ci.yml = .github\workflows\ci.yml
	EndProjectSection
EndProject
Project("{2150E333-8FDC-42A3-9474-1A3956D46DE8}") = "src", "src", "{913FC4E5-D8C6-49BA-AC86-24BC717BDDAF}"
EndProject
Project("{2150E333-8FDC-42A3-9474-1A3956D46DE8}") = "test", "test", "{3A2319B0-E4E4-421A-8163-AFD1EC9A8B76}"
EndProject
Project("{9A19103F-16F7-4668-BE54-9A1E7A4F7556}") = "V2ex.Api", "src\V2ex.Api\V2ex.Api.csproj", "{89B20827-BEB5-4EF6-9927-86048C6AF454}"
EndProject
Project("{9A19103F-16F7-4668-BE54-9A1E7A4F7556}") = "V2ex.Maui", "src\V2ex.Maui\V2ex.Maui.csproj", "{D662FC9F-41A6-4E9C-98D1-B851FD71B079}"
EndProject
Project("{9A19103F-16F7-4668-BE54-9A1E7A4F7556}") = "V2ex.Api.Tests", "test\V2ex.Api.Tests\V2ex.Api.Tests.csproj", "{9E34D577-F228-46BF-A423-9DB861F48707}"
EndProject
Project("{9A19103F-16F7-4668-BE54-9A1E7A4F7556}") = "V2ex.Blazor.Shared", "src\V2ex.Blazor.Shared\V2ex.Blazor.Shared.csproj", "{148D7657-1F55-485F-9CE5-220D81388489}"
EndProject
Project("{9A19103F-16F7-4668-BE54-9A1E7A4F7556}") = "V2ex.Blazor", "src\V2ex.Blazor\V2ex.Blazor.csproj", "{E4E81A1F-7EFF-4090-B09B-61FCB9AE71F9}"
EndProject
Project("{9A19103F-16F7-4668-BE54-9A1E7A4F7556}") = "V2ex.Web", "src\V2ex.Web\V2ex.Web.csproj", "{ADBA0AA1-61C4-43D5-A27F-B74084CF84BB}"
EndProject
Global
	GlobalSection(SolutionConfigurationPlatforms) = preSolution
		Debug|Any CPU = Debug|Any CPU
		Release|Any CPU = Release|Any CPU
	EndGlobalSection
	GlobalSection(ProjectConfigurationPlatforms) = postSolution
		{89B20827-BEB5-4EF6-9927-86048C6AF454}.Debug|Any CPU.ActiveCfg = Debug|Any CPU
		{89B20827-BEB5-4EF6-9927-86048C6AF454}.Debug|Any CPU.Build.0 = Debug|Any CPU
		{89B20827-BEB5-4EF6-9927-86048C6AF454}.Release|Any CPU.ActiveCfg = Release|Any CPU
		{89B20827-BEB5-4EF6-9927-86048C6AF454}.Release|Any CPU.Build.0 = Release|Any CPU
		{D662FC9F-41A6-4E9C-98D1-B851FD71B079}.Debug|Any CPU.ActiveCfg = Debug|Any CPU
		{D662FC9F-41A6-4E9C-98D1-B851FD71B079}.Debug|Any CPU.Build.0 = Debug|Any CPU
		{D662FC9F-41A6-4E9C-98D1-B851FD71B079}.Debug|Any CPU.Deploy.0 = Debug|Any CPU
		{D662FC9F-41A6-4E9C-98D1-B851FD71B079}.Release|Any CPU.ActiveCfg = Release|Any CPU
		{D662FC9F-41A6-4E9C-98D1-B851FD71B079}.Release|Any CPU.Build.0 = Release|Any CPU
		{D662FC9F-41A6-4E9C-98D1-B851FD71B079}.Release|Any CPU.Deploy.0 = Release|Any CPU
		{9E34D577-F228-46BF-A423-9DB861F48707}.Debug|Any CPU.ActiveCfg = Debug|Any CPU
		{9E34D577-F228-46BF-A423-9DB861F48707}.Debug|Any CPU.Build.0 = Debug|Any CPU
		{9E34D577-F228-46BF-A423-9DB861F48707}.Release|Any CPU.ActiveCfg = Release|Any CPU
		{9E34D577-F228-46BF-A423-9DB861F48707}.Release|Any CPU.Build.0 = Release|Any CPU
		{148D7657-1F55-485F-9CE5-220D81388489}.Debug|Any CPU.ActiveCfg = Debug|Any CPU
		{148D7657-1F55-485F-9CE5-220D81388489}.Debug|Any CPU.Build.0 = Debug|Any CPU
		{148D7657-1F55-485F-9CE5-220D81388489}.Release|Any CPU.ActiveCfg = Release|Any CPU
		{148D7657-1F55-485F-9CE5-220D81388489}.Release|Any CPU.Build.0 = Release|Any CPU
		{E4E81A1F-7EFF-4090-B09B-61FCB9AE71F9}.Debug|Any CPU.ActiveCfg = Debug|Any CPU
		{E4E81A1F-7EFF-4090-B09B-61FCB9AE71F9}.Debug|Any CPU.Build.0 = Debug|Any CPU
		{E4E81A1F-7EFF-4090-B09B-61FCB9AE71F9}.Debug|Any CPU.Deploy.0 = Debug|Any CPU
		{E4E81A1F-7EFF-4090-B09B-61FCB9AE71F9}.Release|Any CPU.ActiveCfg = Release|Any CPU
		{E4E81A1F-7EFF-4090-B09B-61FCB9AE71F9}.Release|Any CPU.Build.0 = Release|Any CPU
		{E4E81A1F-7EFF-4090-B09B-61FCB9AE71F9}.Release|Any CPU.Deploy.0 = Release|Any CPU
		{ADBA0AA1-61C4-43D5-A27F-B74084CF84BB}.Debug|Any CPU.ActiveCfg = Debug|Any CPU
		{ADBA0AA1-61C4-43D5-A27F-B74084CF84BB}.Debug|Any CPU.Build.0 = Debug|Any CPU
		{ADBA0AA1-61C4-43D5-A27F-B74084CF84BB}.Release|Any CPU.ActiveCfg = Release|Any CPU
		{ADBA0AA1-61C4-43D5-A27F-B74084CF84BB}.Release|Any CPU.Build.0 = Release|Any CPU
	EndGlobalSection
	GlobalSection(SolutionProperties) = preSolution
		HideSolutionNode = FALSE
	EndGlobalSection
	GlobalSection(NestedProjects) = preSolution
		{89B20827-BEB5-4EF6-9927-86048C6AF454} = {913FC4E5-D8C6-49BA-AC86-24BC717BDDAF}
		{D662FC9F-41A6-4E9C-98D1-B851FD71B079} = {913FC4E5-D8C6-49BA-AC86-24BC717BDDAF}
		{9E34D577-F228-46BF-A423-9DB861F48707} = {3A2319B0-E4E4-421A-8163-AFD1EC9A8B76}
		{148D7657-1F55-485F-9CE5-220D81388489} = {913FC4E5-D8C6-49BA-AC86-24BC717BDDAF}
		{E4E81A1F-7EFF-4090-B09B-61FCB9AE71F9} = {913FC4E5-D8C6-49BA-AC86-24BC717BDDAF}
		{ADBA0AA1-61C4-43D5-A27F-B74084CF84BB} = {913FC4E5-D8C6-49BA-AC86-24BC717BDDAF}
	EndGlobalSection
	GlobalSection(ExtensibilityGlobals) = postSolution
		SolutionGuid = {C5B09CA6-5409-4E68-A55A-EA0C5DE10E7B}
	EndGlobalSection
EndGlobal
